
Microsoft Visual Studio Solution File, Format Version 12.00
# Visual Studio Version 16
VisualStudioVersion = 16.0.31515.178
MinimumVisualStudioVersion = 10.0.40219.1
Project("{2150E333-8FDC-42A3-9474-1A3956D46DE8}") = "Services", "Services", "{DFD0D617-972A-4379-B783-540E98FBB156}"
EndProject
Project("{2150E333-8FDC-42A3-9474-1A3956D46DE8}") = "Catalog", "Catalog", "{E42A182E-65BC-41D4-9936-634C4ED2D92A}"
EndProject
Project("{9A19103F-16F7-4668-BE54-9A1E7A4F7556}") = "Catalog.API", "Services\Catalog\Catalog.API\Catalog.API.csproj", "{1ED1D962-6D79-4BD7-BFB3-241AA0350515}"
EndProject
Project("{E53339B2-1760-4266-BCC7-CA923CBCF16C}") = "docker-compose", "docker-compose.dcproj", "{B2D398AC-9A59-4415-8660-9E61093F246D}"
EndProject
Project("{2150E333-8FDC-42A3-9474-1A3956D46DE8}") = "Basket", "Basket", "{A3581D71-B541-4268-B3E8-174E50301705}"
EndProject
Project("{9A19103F-16F7-4668-BE54-9A1E7A4F7556}") = "Basket.API", "Services\Basket\Basket.API\Basket.API.csproj", "{2DA827FA-2D77-43A4-B55B-35A18EB90792}"
EndProject
Project("{2150E333-8FDC-42A3-9474-1A3956D46DE8}") = "Discount", "Discount", "{FF3A89DE-FDE8-48B1-90D0-9CF6C0742D05}"
EndProject
Project("{9A19103F-16F7-4668-BE54-9A1E7A4F7556}") = "Discount.API", "Services\Discount\Discount.API\Discount.API.csproj", "{A2C5BD84-7621-46E3-A499-0F2B2522094E}"
EndProject
Project("{9A19103F-16F7-4668-BE54-9A1E7A4F7556}") = "Discount.Grpc", "Services\Discount\Discount.Grpc\Discount.Grpc.csproj", "{CA501AF2-6C24-4698-B7F6-519557CE242A}"
EndProject
Project("{2150E333-8FDC-42A3-9474-1A3956D46DE8}") = "Ordering", "Ordering", "{3349F46B-CFB0-4820-978A-04DE1062285C}"
EndProject
Project("{9A19103F-16F7-4668-BE54-9A1E7A4F7556}") = "Ordering.API", "Services\Ordering\Ordering.API\Ordering.API.csproj", "{6207EDB8-2F09-4713-9ACA-0FD9A48FA679}"
EndProject
Project("{9A19103F-16F7-4668-BE54-9A1E7A4F7556}") = "Ordering.Domain", "Services\Ordering\Ordering.Domain\Ordering.Domain.csproj", "{28FE9C5C-18DE-484D-8AEB-5889486A3186}"
EndProject
Project("{9A19103F-16F7-4668-BE54-9A1E7A4F7556}") = "Ordering.Application", "Services\Ordering\Ordering.Application\Ordering.Application.csproj", "{82AB6496-74C3-4960-AE2E-FDAAB1BA1D0A}"
EndProject
Project("{9A19103F-16F7-4668-BE54-9A1E7A4F7556}") = "Ordering.Infrastructure", "Services\Ordering\Ordering.Infrastructure\Ordering.Infrastructure.csproj", "{540095CD-7C16-4230-B097-FEDF0F115CCF}"
EndProject
Project("{2150E333-8FDC-42A3-9474-1A3956D46DE8}") = "BuildingBlocks", "BuildingBlocks", "{CCBC0C97-4B15-4B5C-AF66-EEB2023A6826}"
EndProject
Project("{FAE04EC0-301F-11D3-BF4B-00C04F79EFBC}") = "EventBus.Messages", "BuildingBlocks\EventBus.Messages\EventBus.Messages.csproj", "{2EE8E077-DA81-48C7-A256-455F850F4CD9}"
EndProject
Global
	GlobalSection(SolutionConfigurationPlatforms) = preSolution
		Debug|Any CPU = Debug|Any CPU
		Release|Any CPU = Release|Any CPU
	EndGlobalSection
	GlobalSection(ProjectConfigurationPlatforms) = postSolution
		{1ED1D962-6D79-4BD7-BFB3-241AA0350515}.Debug|Any CPU.ActiveCfg = Debug|Any CPU
		{1ED1D962-6D79-4BD7-BFB3-241AA0350515}.Debug|Any CPU.Build.0 = Debug|Any CPU
		{1ED1D962-6D79-4BD7-BFB3-241AA0350515}.Release|Any CPU.ActiveCfg = Release|Any CPU
		{1ED1D962-6D79-4BD7-BFB3-241AA0350515}.Release|Any CPU.Build.0 = Release|Any CPU
		{B2D398AC-9A59-4415-8660-9E61093F246D}.Debug|Any CPU.ActiveCfg = Debug|Any CPU
		{B2D398AC-9A59-4415-8660-9E61093F246D}.Debug|Any CPU.Build.0 = Debug|Any CPU
		{B2D398AC-9A59-4415-8660-9E61093F246D}.Release|Any CPU.ActiveCfg = Release|Any CPU
		{B2D398AC-9A59-4415-8660-9E61093F246D}.Release|Any CPU.Build.0 = Release|Any CPU
		{2DA827FA-2D77-43A4-B55B-35A18EB90792}.Debug|Any CPU.ActiveCfg = Debug|Any CPU
		{2DA827FA-2D77-43A4-B55B-35A18EB90792}.Debug|Any CPU.Build.0 = Debug|Any CPU
		{2DA827FA-2D77-43A4-B55B-35A18EB90792}.Release|Any CPU.ActiveCfg = Release|Any CPU
		{2DA827FA-2D77-43A4-B55B-35A18EB90792}.Release|Any CPU.Build.0 = Release|Any CPU
		{A2C5BD84-7621-46E3-A499-0F2B2522094E}.Debug|Any CPU.ActiveCfg = Debug|Any CPU
		{A2C5BD84-7621-46E3-A499-0F2B2522094E}.Debug|Any CPU.Build.0 = Debug|Any CPU
		{A2C5BD84-7621-46E3-A499-0F2B2522094E}.Release|Any CPU.ActiveCfg = Release|Any CPU
		{A2C5BD84-7621-46E3-A499-0F2B2522094E}.Release|Any CPU.Build.0 = Release|Any CPU
		{CA501AF2-6C24-4698-B7F6-519557CE242A}.Debug|Any CPU.ActiveCfg = Debug|Any CPU
		{CA501AF2-6C24-4698-B7F6-519557CE242A}.Debug|Any CPU.Build.0 = Debug|Any CPU
		{CA501AF2-6C24-4698-B7F6-519557CE242A}.Release|Any CPU.ActiveCfg = Release|Any CPU
		{CA501AF2-6C24-4698-B7F6-519557CE242A}.Release|Any CPU.Build.0 = Release|Any CPU
		{6207EDB8-2F09-4713-9ACA-0FD9A48FA679}.Debug|Any CPU.ActiveCfg = Debug|Any CPU
		{6207EDB8-2F09-4713-9ACA-0FD9A48FA679}.Debug|Any CPU.Build.0 = Debug|Any CPU
		{6207EDB8-2F09-4713-9ACA-0FD9A48FA679}.Release|Any CPU.ActiveCfg = Release|Any CPU
		{6207EDB8-2F09-4713-9ACA-0FD9A48FA679}.Release|Any CPU.Build.0 = Release|Any CPU
		{28FE9C5C-18DE-484D-8AEB-5889486A3186}.Debug|Any CPU.ActiveCfg = Debug|Any CPU
		{28FE9C5C-18DE-484D-8AEB-5889486A3186}.Debug|Any CPU.Build.0 = Debug|Any CPU
		{28FE9C5C-18DE-484D-8AEB-5889486A3186}.Release|Any CPU.ActiveCfg = Release|Any CPU
		{28FE9C5C-18DE-484D-8AEB-5889486A3186}.Release|Any CPU.Build.0 = Release|Any CPU
		{82AB6496-74C3-4960-AE2E-FDAAB1BA1D0A}.Debug|Any CPU.ActiveCfg = Debug|Any CPU
		{82AB6496-74C3-4960-AE2E-FDAAB1BA1D0A}.Debug|Any CPU.Build.0 = Debug|Any CPU
		{82AB6496-74C3-4960-AE2E-FDAAB1BA1D0A}.Release|Any CPU.ActiveCfg = Release|Any CPU
		{82AB6496-74C3-4960-AE2E-FDAAB1BA1D0A}.Release|Any CPU.Build.0 = Release|Any CPU
		{540095CD-7C16-4230-B097-FEDF0F115CCF}.Debug|Any CPU.ActiveCfg = Debug|Any CPU
		{540095CD-7C16-4230-B097-FEDF0F115CCF}.Debug|Any CPU.Build.0 = Debug|Any CPU
		{540095CD-7C16-4230-B097-FEDF0F115CCF}.Release|Any CPU.ActiveCfg = Release|Any CPU
		{540095CD-7C16-4230-B097-FEDF0F115CCF}.Release|Any CPU.Build.0 = Release|Any CPU
		{2EE8E077-DA81-48C7-A256-455F850F4CD9}.Debug|Any CPU.ActiveCfg = Debug|Any CPU
		{2EE8E077-DA81-48C7-A256-455F850F4CD9}.Debug|Any CPU.Build.0 = Debug|Any CPU
		{2EE8E077-DA81-48C7-A256-455F850F4CD9}.Release|Any CPU.ActiveCfg = Release|Any CPU
		{2EE8E077-DA81-48C7-A256-455F850F4CD9}.Release|Any CPU.Build.0 = Release|Any CPU
	EndGlobalSection
	GlobalSection(SolutionProperties) = preSolution
		HideSolutionNode = FALSE
	EndGlobalSection
	GlobalSection(NestedProjects) = preSolution
		{E42A182E-65BC-41D4-9936-634C4ED2D92A} = {DFD0D617-972A-4379-B783-540E98FBB156}
		{1ED1D962-6D79-4BD7-BFB3-241AA0350515} = {E42A182E-65BC-41D4-9936-634C4ED2D92A}
		{A3581D71-B541-4268-B3E8-174E50301705} = {DFD0D617-972A-4379-B783-540E98FBB156}
		{2DA827FA-2D77-43A4-B55B-35A18EB90792} = {A3581D71-B541-4268-B3E8-174E50301705}
		{FF3A89DE-FDE8-48B1-90D0-9CF6C0742D05} = {DFD0D617-972A-4379-B783-540E98FBB156}
		{A2C5BD84-7621-46E3-A499-0F2B2522094E} = {FF3A89DE-FDE8-48B1-90D0-9CF6C0742D05}
		{CA501AF2-6C24-4698-B7F6-519557CE242A} = {FF3A89DE-FDE8-48B1-90D0-9CF6C0742D05}
		{3349F46B-CFB0-4820-978A-04DE1062285C} = {DFD0D617-972A-4379-B783-540E98FBB156}
		{6207EDB8-2F09-4713-9ACA-0FD9A48FA679} = {3349F46B-CFB0-4820-978A-04DE1062285C}
		{28FE9C5C-18DE-484D-8AEB-5889486A3186} = {3349F46B-CFB0-4820-978A-04DE1062285C}
		{82AB6496-74C3-4960-AE2E-FDAAB1BA1D0A} = {3349F46B-CFB0-4820-978A-04DE1062285C}
		{540095CD-7C16-4230-B097-FEDF0F115CCF} = {3349F46B-CFB0-4820-978A-04DE1062285C}
		{2EE8E077-DA81-48C7-A256-455F850F4CD9} = {CCBC0C97-4B15-4B5C-AF66-EEB2023A6826}
	EndGlobalSection
	GlobalSection(ExtensibilityGlobals) = postSolution
		SolutionGuid = {D11A9C83-A8AE-4100-A0A0-111DCAE22576}
	EndGlobalSection
EndGlobal
